// !$*UTF8*$!
{
	archiveVersion = 1;
	classes = {
	};
	objectVersion = 50;
	objects = {

/* Begin PBXBuildFile section */
		C27360E824A8410300830F82 /* AppDelegate.swift in Sources */ = {isa = PBXBuildFile; fileRef = C27360E724A8410300830F82 /* AppDelegate.swift */; };
		C27360EA24A8410300830F82 /* SceneDelegate.swift in Sources */ = {isa = PBXBuildFile; fileRef = C27360E924A8410300830F82 /* SceneDelegate.swift */; };
		C27360EC24A8410300830F82 /* ViewController.swift in Sources */ = {isa = PBXBuildFile; fileRef = C27360EB24A8410300830F82 /* ViewController.swift */; };
		C27360EF24A8410300830F82 /* Main.storyboard in Resources */ = {isa = PBXBuildFile; fileRef = C27360ED24A8410300830F82 /* Main.storyboard */; };
		C27360F124A8410400830F82 /* Assets.xcassets in Resources */ = {isa = PBXBuildFile; fileRef = C27360F024A8410400830F82 /* Assets.xcassets */; };
		C27360F424A8410400830F82 /* LaunchScreen.storyboard in Resources */ = {isa = PBXBuildFile; fileRef = C27360F224A8410400830F82 /* LaunchScreen.storyboard */; };
		C27360FF24A8410400830F82 /* weibo_catalystTests.swift in Sources */ = {isa = PBXBuildFile; fileRef = C27360FE24A8410400830F82 /* weibo_catalystTests.swift */; };
/* End PBXBuildFile section */

/* Begin PBXContainerItemProxy section */
		C27360FB24A8410400830F82 /* PBXContainerItemProxy */ = {
			isa = PBXContainerItemProxy;
			containerPortal = C27360DC24A8410300830F82 /* Project object */;
			proxyType = 1;
			remoteGlobalIDString = C27360E324A8410300830F82;
			remoteInfo = weibo_catalyst;
		};
/* End PBXContainerItemProxy section */

/* Begin PBXFileReference section */
		C27360E424A8410300830F82 /* weibo_catalyst.app */ = {isa = PBXFileReference; explicitFileType = wrapper.application; includeInIndex = 0; path = weibo_catalyst.app; sourceTree = BUILT_PRODUCTS_DIR; };
		C27360E724A8410300830F82 /* AppDelegate.swift */ = {isa = PBXFileReference; lastKnownFileType = sourcecode.swift; path = AppDelegate.swift; sourceTree = "<group>"; };
		C27360E924A8410300830F82 /* SceneDelegate.swift */ = {isa = PBXFileReference; lastKnownFileType = sourcecode.swift; path = SceneDelegate.swift; sourceTree = "<group>"; };
		C27360EB24A8410300830F82 /* ViewController.swift */ = {isa = PBXFileReference; lastKnownFileType = sourcecode.swift; path = ViewController.swift; sourceTree = "<group>"; };
		C27360EE24A8410300830F82 /* Base */ = {isa = PBXFileReference; lastKnownFileType = file.storyboard; name = Base; path = Base.lproj/Main.storyboard; sourceTree = "<group>"; };
		C27360F024A8410400830F82 /* Assets.xcassets */ = {isa = PBXFileReference; lastKnownFileType = folder.assetcatalog; path = Assets.xcassets; sourceTree = "<group>"; };
		C27360F324A8410400830F82 /* Base */ = {isa = PBXFileReference; lastKnownFileType = file.storyboard; name = Base; path = Base.lproj/LaunchScreen.storyboard; sourceTree = "<group>"; };
		C27360F524A8410400830F82 /* Info.plist */ = {isa = PBXFileReference; lastKnownFileType = text.plist.xml; path = Info.plist; sourceTree = "<group>"; };
		C27360FA24A8410400830F82 /* weibo_catalystTests.xctest */ = {isa = PBXFileReference; explicitFileType = wrapper.cfbundle; includeInIndex = 0; path = weibo_catalystTests.xctest; sourceTree = BUILT_PRODUCTS_DIR; };
		C27360FE24A8410400830F82 /* weibo_catalystTests.swift */ = {isa = PBXFileReference; lastKnownFileType = sourcecode.swift; path = weibo_catalystTests.swift; sourceTree = "<group>"; };
		C273610024A8410400830F82 /* Info.plist */ = {isa = PBXFileReference; lastKnownFileType = text.plist.xml; path = Info.plist; sourceTree = "<group>"; };
		C273610924A8410A00830F82 /* weibo_catalyst.entitlements */ = {isa = PBXFileReference; lastKnownFileType = text.plist.entitlements; path = weibo_catalyst.entitlements; sourceTree = "<group>"; };
/* End PBXFileReference section */

/* Begin PBXFrameworksBuildPhase section */
		C27360E124A8410300830F82 /* Frameworks */ = {
			isa = PBXFrameworksBuildPhase;
			buildActionMask = 2147483647;
			files = (
			);
			runOnlyForDeploymentPostprocessing = 0;
		};
		C27360F724A8410400830F82 /* Frameworks */ = {
			isa = PBXFrameworksBuildPhase;
			buildActionMask = 2147483647;
			files = (
			);
			runOnlyForDeploymentPostprocessing = 0;
		};
/* End PBXFrameworksBuildPhase section */

/* Begin PBXGroup section */
		C27360DB24A8410300830F82 = {
			isa = PBXGroup;
			children = (
				C27360E624A8410300830F82 /* weibo_catalyst */,
				C27360FD24A8410400830F82 /* weibo_catalystTests */,
				C27360E524A8410300830F82 /* Products */,
			);
			sourceTree = "<group>";
		};
		C27360E524A8410300830F82 /* Products */ = {
			isa = PBXGroup;
			children = (
				C27360E424A8410300830F82 /* weibo_catalyst.app */,
				C27360FA24A8410400830F82 /* weibo_catalystTests.xctest */,
			);
			name = Products;
			sourceTree = "<group>";
		};
		C27360E624A8410300830F82 /* weibo_catalyst */ = {
			isa = PBXGroup;
			children = (
				C273610924A8410A00830F82 /* weibo_catalyst.entitlements */,
				C27360E724A8410300830F82 /* AppDelegate.swift */,
				C27360E924A8410300830F82 /* SceneDelegate.swift */,
				C27360EB24A8410300830F82 /* ViewController.swift */,
				C27360ED24A8410300830F82 /* Main.storyboard */,
				C27360F024A8410400830F82 /* Assets.xcassets */,
				C27360F224A8410400830F82 /* LaunchScreen.storyboard */,
				C27360F524A8410400830F82 /* Info.plist */,
			);
			path = weibo_catalyst;
			sourceTree = "<group>";
		};
		C27360FD24A8410400830F82 /* weibo_catalystTests */ = {
			isa = PBXGroup;
			children = (
				C27360FE24A8410400830F82 /* weibo_catalystTests.swift */,
				C273610024A8410400830F82 /* Info.plist */,
			);
			path = weibo_catalystTests;
			sourceTree = "<group>";
		};
/* End PBXGroup section */

/* Begin PBXNativeTarget section */
		C27360E324A8410300830F82 /* weibo_catalyst */ = {
			isa = PBXNativeTarget;
			buildConfigurationList = C273610324A8410400830F82 /* Build configuration list for PBXNativeTarget "weibo_catalyst" */;
			buildPhases = (
				C27360E024A8410300830F82 /* Sources */,
				C27360E124A8410300830F82 /* Frameworks */,
				C27360E224A8410300830F82 /* Resources */,
			);
			buildRules = (
			);
			dependencies = (
			);
			name = weibo_catalyst;
			productName = weibo_catalyst;
			productReference = C27360E424A8410300830F82 /* weibo_catalyst.app */;
			productType = "com.apple.product-type.application";
		};
		C27360F924A8410400830F82 /* weibo_catalystTests */ = {
			isa = PBXNativeTarget;
			buildConfigurationList = C273610624A8410400830F82 /* Build configuration list for PBXNativeTarget "weibo_catalystTests" */;
			buildPhases = (
				C27360F624A8410400830F82 /* Sources */,
				C27360F724A8410400830F82 /* Frameworks */,
				C27360F824A8410400830F82 /* Resources */,
			);
			buildRules = (
			);
			dependencies = (
				C27360FC24A8410400830F82 /* PBXTargetDependency */,
			);
			name = weibo_catalystTests;
			productName = weibo_catalystTests;
			productReference = C27360FA24A8410400830F82 /* weibo_catalystTests.xctest */;
			productType = "com.apple.product-type.bundle.unit-test";
		};
/* End PBXNativeTarget section */

/* Begin PBXProject section */
		C27360DC24A8410300830F82 /* Project object */ = {
			isa = PBXProject;
			attributes = {
				LastSwiftUpdateCheck = 1150;
				LastUpgradeCheck = 1150;
				ORGANIZATIONNAME = huluobo;
				TargetAttributes = {
					C27360E324A8410300830F82 = {
						CreatedOnToolsVersion = 11.5;
					};
					C27360F924A8410400830F82 = {
						CreatedOnToolsVersion = 11.5;
						TestTargetID = C27360E324A8410300830F82;
					};
				};
			};
			buildConfigurationList = C27360DF24A8410300830F82 /* Build configuration list for PBXProject "weibo_catalyst" */;
			compatibilityVersion = "Xcode 9.3";
			developmentRegion = en;
			hasScannedForEncodings = 0;
			knownRegions = (
				en,
				Base,
			);
			mainGroup = C27360DB24A8410300830F82;
			productRefGroup = C27360E524A8410300830F82 /* Products */;
			projectDirPath = "";
			projectRoot = "";
			targets = (
				C27360E324A8410300830F82 /* weibo_catalyst */,
				C27360F924A8410400830F82 /* weibo_catalystTests */,
			);
		};
/* End PBXProject section */

/* Begin PBXResourcesBuildPhase section */
		C27360E224A8410300830F82 /* Resources */ = {
			isa = PBXResourcesBuildPhase;
			buildActionMask = 2147483647;
			files = (
				C27360F424A8410400830F82 /* LaunchScreen.storyboard in Resources */,
				C27360F124A8410400830F82 /* Assets.xcassets in Resources */,
				C27360EF24A8410300830F82 /* Main.storyboard in Resources */,
			);
			runOnlyForDeploymentPostprocessing = 0;
		};
		C27360F824A8410400830F82 /* Resources */ = {
			isa = PBXResourcesBuildPhase;
			buildActionMask = 2147483647;
			files = (
			);
			runOnlyForDeploymentPostprocessing = 0;
		};
/* End PBXResourcesBuildPhase section */

/* Begin PBXSourcesBuildPhase section */
		C27360E024A8410300830F82 /* Sources */ = {
			isa = PBXSourcesBuildPhase;
			buildActionMask = 2147483647;
			files = (
				C27360EC24A8410300830F82 /* ViewController.swift in Sources */,
				C27360E824A8410300830F82 /* AppDelegate.swift in Sources */,
				C27360EA24A8410300830F82 /* SceneDelegate.swift in Sources */,
			);
			runOnlyForDeploymentPostprocessing = 0;
		};
		C27360F624A8410400830F82 /* Sources */ = {
			isa = PBXSourcesBuildPhase;
			buildActionMask = 2147483647;
			files = (
				C27360FF24A8410400830F82 /* weibo_catalystTests.swift in Sources */,
			);
			runOnlyForDeploymentPostprocessing = 0;
		};
/* End PBXSourcesBuildPhase section */

/* Begin PBXTargetDependency section */
		C27360FC24A8410400830F82 /* PBXTargetDependency */ = {
			isa = PBXTargetDependency;
			target = C27360E324A8410300830F82 /* weibo_catalyst */;
			targetProxy = C27360FB24A8410400830F82 /* PBXContainerItemProxy */;
		};
/* End PBXTargetDependency section */

/* Begin PBXVariantGroup section */
		C27360ED24A8410300830F82 /* Main.storyboard */ = {
			isa = PBXVariantGroup;
			children = (
				C27360EE24A8410300830F82 /* Base */,
			);
			name = Main.storyboard;
			sourceTree = "<group>";
		};
		C27360F224A8410400830F82 /* LaunchScreen.storyboard */ = {
			isa = PBXVariantGroup;
			children = (
				C27360F324A8410400830F82 /* Base */,
			);
			name = LaunchScreen.storyboard;
			sourceTree = "<group>";
		};
/* End PBXVariantGroup section */

/* Begin XCBuildConfiguration section */
		C273610124A8410400830F82 /* Debug */ = {
			isa = XCBuildConfiguration;
			buildSettings = {
				ALWAYS_SEARCH_USER_PATHS = NO;
				CLANG_ANALYZER_NONNULL = YES;
				CLANG_ANALYZER_NUMBER_OBJECT_CONVERSION = YES_AGGRESSIVE;
				CLANG_CXX_LANGUAGE_STANDARD = "gnu++14";
				CLANG_CXX_LIBRARY = "libc++";
				CLANG_ENABLE_MODULES = YES;
				CLANG_ENABLE_OBJC_ARC = YES;
				CLANG_ENABLE_OBJC_WEAK = YES;
				CLANG_WARN_BLOCK_CAPTURE_AUTORELEASING = YES;
				CLANG_WARN_BOOL_CONVERSION = YES;
				CLANG_WARN_COMMA = YES;
				CLANG_WARN_CONSTANT_CONVERSION = YES;
				CLANG_WARN_DEPRECATED_OBJC_IMPLEMENTATIONS = YES;
				CLANG_WARN_DIRECT_OBJC_ISA_USAGE = YES_ERROR;
				CLANG_WARN_DOCUMENTATION_COMMENTS = YES;
				CLANG_WARN_EMPTY_BODY = YES;
				CLANG_WARN_ENUM_CONVERSION = YES;
				CLANG_WARN_INFINITE_RECURSION = YES;
				CLANG_WARN_INT_CONVERSION = YES;
				CLANG_WARN_NON_LITERAL_NULL_CONVERSION = YES;
				CLANG_WARN_OBJC_IMPLICIT_RETAIN_SELF = YES;
				CLANG_WARN_OBJC_LITERAL_CONVERSION = YES;
				CLANG_WARN_OBJC_ROOT_CLASS = YES_ERROR;
				CLANG_WARN_RANGE_LOOP_ANALYSIS = YES;
				CLANG_WARN_STRICT_PROTOTYPES = YES;
				CLANG_WARN_SUSPICIOUS_MOVE = YES;
				CLANG_WARN_UNGUARDED_AVAILABILITY = YES_AGGRESSIVE;
				CLANG_WARN_UNREACHABLE_CODE = YES;
				CLANG_WARN__DUPLICATE_METHOD_MATCH = YES;
				COPY_PHASE_STRIP = NO;
				DEBUG_INFORMATION_FORMAT = dwarf;
				ENABLE_STRICT_OBJC_MSGSEND = YES;
				ENABLE_TESTABILITY = YES;
				GCC_C_LANGUAGE_STANDARD = gnu11;
				GCC_DYNAMIC_NO_PIC = NO;
				GCC_NO_COMMON_BLOCKS = YES;
				GCC_OPTIMIZATION_LEVEL = 0;
				GCC_PREPROCESSOR_DEFINITIONS = (
					"DEBUG=1",
					"$(inherited)",
				);
				GCC_WARN_64_TO_32_BIT_CONVERSION = YES;
				GCC_WARN_ABOUT_RETURN_TYPE = YES_ERROR;
				GCC_WARN_UNDECLARED_SELECTOR = YES;
				GCC_WARN_UNINITIALIZED_AUTOS = YES_AGGRESSIVE;
				GCC_WARN_UNUSED_FUNCTION = YES;
				GCC_WARN_UNUSED_VARIABLE = YES;
				IPHONEOS_DEPLOYMENT_TARGET = 13.5;
				MTL_ENABLE_DEBUG_INFO = INCLUDE_SOURCE;
				MTL_FAST_MATH = YES;
				ONLY_ACTIVE_ARCH = YES;
				SDKROOT = iphoneos;
				SWIFT_ACTIVE_COMPILATION_CONDITIONS = DEBUG;
				SWIFT_OPTIMIZATION_LEVEL = "-Onone";
			};
			name = Debug;
		};
		C273610224A8410400830F82 /* Release */ = {
			isa = XCBuildConfiguration;
			buildSettings = {
				ALWAYS_SEARCH_USER_PATHS = NO;
				CLANG_ANALYZER_NONNULL = YES;
				CLANG_ANALYZER_NUMBER_OBJECT_CONVERSION = YES_AGGRESSIVE;
				CLANG_CXX_LANGUAGE_STANDARD = "gnu++14";
				CLANG_CXX_LIBRARY = "libc++";
				CLANG_ENABLE_MODULES = YES;
				CLANG_ENABLE_OBJC_ARC = YES;
				CLANG_ENABLE_OBJC_WEAK = YES;
				CLANG_WARN_BLOCK_CAPTURE_AUTORELEASING = YES;
				CLANG_WARN_BOOL_CONVERSION = YES;
				CLANG_WARN_COMMA = YES;
				CLANG_WARN_CONSTANT_CONVERSION = YES;
				CLANG_WARN_DEPRECATED_OBJC_IMPLEMENTATIONS = YES;
				CLANG_WARN_DIRECT_OBJC_ISA_USAGE = YES_ERROR;
				CLANG_WARN_DOCUMENTATION_COMMENTS = YES;
				CLANG_WARN_EMPTY_BODY = YES;
				CLANG_WARN_ENUM_CONVERSION = YES;
				CLANG_WARN_INFINITE_RECURSION = YES;
				CLANG_WARN_INT_CONVERSION = YES;
				CLANG_WARN_NON_LITERAL_NULL_CONVERSION = YES;
				CLANG_WARN_OBJC_IMPLICIT_RETAIN_SELF = YES;
				CLANG_WARN_OBJC_LITERAL_CONVERSION = YES;
				CLANG_WARN_OBJC_ROOT_CLASS = YES_ERROR;
				CLANG_WARN_RANGE_LOOP_ANALYSIS = YES;
				CLANG_WARN_STRICT_PROTOTYPES = YES;
				CLANG_WARN_SUSPICIOUS_MOVE = YES;
				CLANG_WARN_UNGUARDED_AVAILABILITY = YES_AGGRESSIVE;
				CLANG_WARN_UNREACHABLE_CODE = YES;
				CLANG_WARN__DUPLICATE_METHOD_MATCH = YES;
				COPY_PHASE_STRIP = NO;
				DEBUG_INFORMATION_FORMAT = "dwarf-with-dsym";
				ENABLE_NS_ASSERTIONS = NO;
				ENABLE_STRICT_OBJC_MSGSEND = YES;
				GCC_C_LANGUAGE_STANDARD = gnu11;
				GCC_NO_COMMON_BLOCKS = YES;
				GCC_WARN_64_TO_32_BIT_CONVERSION = YES;
				GCC_WARN_ABOUT_RETURN_TYPE = YES_ERROR;
				GCC_WARN_UNDECLARED_SELECTOR = YES;
				GCC_WARN_UNINITIALIZED_AUTOS = YES_AGGRESSIVE;
				GCC_WARN_UNUSED_FUNCTION = YES;
				GCC_WARN_UNUSED_VARIABLE = YES;
				IPHONEOS_DEPLOYMENT_TARGET = 13.5;
				MTL_ENABLE_DEBUG_INFO = NO;
				MTL_FAST_MATH = YES;
				SDKROOT = iphoneos;
				SWIFT_COMPILATION_MODE = wholemodule;
				SWIFT_OPTIMIZATION_LEVEL = "-O";
				VALIDATE_PRODUCT = YES;
			};
			name = Release;
		};
		C273610424A8410400830F82 /* Debug */ = {
			isa = XCBuildConfiguration;
			buildSettings = {
				ASSETCATALOG_COMPILER_APPICON_NAME = AppIcon;
				CODE_SIGN_ENTITLEMENTS = weibo_catalyst/weibo_catalyst.entitlements;
				CODE_SIGN_STYLE = Automatic;
				DEVELOPMENT_TEAM = UA8U3Z7XU4;
				INFOPLIST_FILE = weibo_catalyst/Info.plist;
				LD_RUNPATH_SEARCH_PATHS = (
					"$(inherited)",
					"@executable_path/Frameworks",
				);
				PRODUCT_BUNDLE_IDENTIFIER = "me.jewelz.weibo-catalyst";
				PRODUCT_NAME = "$(TARGET_NAME)";
				SUPPORTS_MACCATALYST = YES;
				SWIFT_VERSION = 5.0;
				TARGETED_DEVICE_FAMILY = "1,2";
			};
			name = Debug;
		};
		C273610524A8410400830F82 /* Release */ = {
			isa = XCBuildConfiguration;
			buildSettings = {
				ASSETCATALOG_COMPILER_APPICON_NAME = AppIcon;
				CODE_SIGN_ENTITLEMENTS = weibo_catalyst/weibo_catalyst.entitlements;
				CODE_SIGN_STYLE = Automatic;
				DEVELOPMENT_TEAM = UA8U3Z7XU4;
				INFOPLIST_FILE = weibo_catalyst/Info.plist;
				LD_RUNPATH_SEARCH_PATHS = (
					"$(inherited)",
					"@executable_path/Frameworks",
				);
				PRODUCT_BUNDLE_IDENTIFIER = "me.jewelz.weibo-catalyst";
				PRODUCT_NAME = "$(TARGET_NAME)";
				SUPPORTS_MACCATALYST = YES;
				SWIFT_VERSION = 5.0;
				TARGETED_DEVICE_FAMILY = "1,2";
			};
			name = Release;
		};
		C273610724A8410400830F82 /* Debug */ = {
			isa = XCBuildConfiguration;
			buildSettings = {
				ALWAYS_EMBED_SWIFT_STANDARD_LIBRARIES = YES;
				BUNDLE_LOADER = "$(TEST_HOST)";
				CODE_SIGN_STYLE = Automatic;
				DEVELOPMENT_TEAM = UA8U3Z7XU4;
				INFOPLIST_FILE = weibo_catalystTests/Info.plist;
				IPHONEOS_DEPLOYMENT_TARGET = 13.5;
				LD_RUNPATH_SEARCH_PATHS = (
					"$(inherited)",
					"@executable_path/Frameworks",
					"@loader_path/Frameworks",
				);
				PRODUCT_BUNDLE_IDENTIFIER = "me.jewelz.weibo-catalystTests";
				PRODUCT_NAME = "$(TARGET_NAME)";
				SWIFT_VERSION = 5.0;
				TARGETED_DEVICE_FAMILY = "1,2";
				TEST_HOST = "$(BUILT_PRODUCTS_DIR)/weibo_catalyst.app/weibo_catalyst";
			};
			name = Debug;
		};
		C273610824A8410400830F82 /* Release */ = {
			isa = XCBuildConfiguration;
			buildSettings = {
				ALWAYS_EMBED_SWIFT_STANDARD_LIBRARIES = YES;
				BUNDLE_LOADER = "$(TEST_HOST)";
				CODE_SIGN_STYLE = Automatic;
				DEVELOPMENT_TEAM = UA8U3Z7XU4;
				INFOPLIST_FILE = weibo_catalystTests/Info.plist;
				IPHONEOS_DEPLOYMENT_TARGET = 13.5;
				LD_RUNPATH_SEARCH_PATHS = (
					"$(inherited)",
					"@executable_path/Frameworks",
					"@loader_path/Frameworks",
				);
				PRODUCT_BUNDLE_IDENTIFIER = "me.jewelz.weibo-catalystTests";
				PRODUCT_NAME = "$(TARGET_NAME)";
				SWIFT_VERSION = 5.0;
				TARGETED_DEVICE_FAMILY = "1,2";
				TEST_HOST = "$(BUILT_PRODUCTS_DIR)/weibo_catalyst.app/weibo_catalyst";
			};
			name = Release;
		};
/* End XCBuildConfiguration section */

/* Begin XCConfigurationList section */
		C27360DF24A8410300830F82 /* Build configuration list for PBXProject "weibo_catalyst" */ = {
			isa = XCConfigurationList;
			buildConfigurations = (
				C273610124A8410400830F82 /* Debug */,
				C273610224A8410400830F82 /* Release */,
			);
			defaultConfigurationIsVisible = 0;
			defaultConfigurationName = Release;
		};
		C273610324A8410400830F82 /* Build configuration list for PBXNativeTarget "weibo_catalyst" */ = {
			isa = XCConfigurationList;
			buildConfigurations = (
				C273610424A8410400830F82 /* Debug */,
				C273610524A8410400830F82 /* Release */,
			);
			defaultConfigurationIsVisible = 0;
			defaultConfigurationName = Release;
		};
		C273610624A8410400830F82 /* Build configuration list for PBXNativeTarget "weibo_catalystTests" */ = {
			isa = XCConfigurationList;
			buildConfigurations = (
				C273610724A8410400830F82 /* Debug */,
				C273610824A8410400830F82 /* Release */,
			);
			defaultConfigurationIsVisible = 0;
			defaultConfigurationName = Release;
		};
/* End XCConfigurationList section */
	};
	rootObject = C27360DC24A8410300830F82 /* Project object */;
}
