// !$*UTF8*$!
{
	archiveVersion = 1;
	classes = {
	};
	objectVersion = 52;
	objects = {

/* Begin PBXBuildFile section */
		C244D23824AB5A5100BFA156 /* UserInfoManager.swift in Sources */ = {isa = PBXBuildFile; fileRef = C244D23724AB5A5100BFA156 /* UserInfoManager.swift */; };
		C27360E824A8410300830F82 /* AppDelegate.swift in Sources */ = {isa = PBXBuildFile; fileRef = C27360E724A8410300830F82 /* AppDelegate.swift */; };
		C27360EA24A8410300830F82 /* SceneDelegate.swift in Sources */ = {isa = PBXBuildFile; fileRef = C27360E924A8410300830F82 /* SceneDelegate.swift */; };
		C27360EC24A8410300830F82 /* MasterViewController.swift in Sources */ = {isa = PBXBuildFile; fileRef = C27360EB24A8410300830F82 /* MasterViewController.swift */; };
		C27360F124A8410400830F82 /* Assets.xcassets in Resources */ = {isa = PBXBuildFile; fileRef = C27360F024A8410400830F82 /* Assets.xcassets */; };
		C27360F424A8410400830F82 /* LaunchScreen.storyboard in Resources */ = {isa = PBXBuildFile; fileRef = C27360F224A8410400830F82 /* LaunchScreen.storyboard */; };
		C27360FF24A8410400830F82 /* weibo_catalystTests.swift in Sources */ = {isa = PBXBuildFile; fileRef = C27360FE24A8410400830F82 /* weibo_catalystTests.swift */; };
		C273610D24A86E8100830F82 /* SplitViewController.swift in Sources */ = {isa = PBXBuildFile; fileRef = C273610C24A86E8100830F82 /* SplitViewController.swift */; };
		C273610F24A8705000830F82 /* Router.swift in Sources */ = {isa = PBXBuildFile; fileRef = C273610E24A8705000830F82 /* Router.swift */; };
		C273611124A879DC00830F82 /* ContentView.swift in Sources */ = {isa = PBXBuildFile; fileRef = C273611024A879DC00830F82 /* ContentView.swift */; };
		C273611324A8933B00830F82 /* HomeView.swift in Sources */ = {isa = PBXBuildFile; fileRef = C273611224A8933B00830F82 /* HomeView.swift */; };
		C273611724A8938300830F82 /* Timeline.swift in Sources */ = {isa = PBXBuildFile; fileRef = C273611624A8938300830F82 /* Timeline.swift */; };
		C273611924A8953400830F82 /* TimelineCell.swift in Sources */ = {isa = PBXBuildFile; fileRef = C273611824A8953400830F82 /* TimelineCell.swift */; };
		C273611B24A89C3600830F82 /* PostView.swift in Sources */ = {isa = PBXBuildFile; fileRef = C273611A24A89C3600830F82 /* PostView.swift */; };
		C273611D24A8AC2C00830F82 /* ImagePicker.swift in Sources */ = {isa = PBXBuildFile; fileRef = C273611C24A8AC2C00830F82 /* ImagePicker.swift */; };
		C273611F24A9923400830F82 /* API.swift in Sources */ = {isa = PBXBuildFile; fileRef = C273611E24A9923400830F82 /* API.swift */; };
		C273612224A9956E00830F82 /* Account.swift in Sources */ = {isa = PBXBuildFile; fileRef = C273612124A9956E00830F82 /* Account.swift */; };
		C273612524A99AFD00830F82 /* Json in Frameworks */ = {isa = PBXBuildFile; productRef = C273612424A99AFD00830F82 /* Json */; };
		C273612724A99AFD00830F82 /* Request in Frameworks */ = {isa = PBXBuildFile; productRef = C273612624A99AFD00830F82 /* Request */; };
		C273612924A99E3C00830F82 /* AuthorizationViewController.swift in Sources */ = {isa = PBXBuildFile; fileRef = C273612824A99E3C00830F82 /* AuthorizationViewController.swift */; };
		C273612B24A99EDD00830F82 /* WeiboConstant.swift in Sources */ = {isa = PBXBuildFile; fileRef = C273612A24A99EDD00830F82 /* WeiboConstant.swift */; };
		C2DFA8CB24AC75EA001FB066 /* ImageUploader.swift in Sources */ = {isa = PBXBuildFile; fileRef = C2DFA8CA24AC75EA001FB066 /* ImageUploader.swift */; };
		C2DFA8CF24ADC05C001FB066 /* Comment.swift in Sources */ = {isa = PBXBuildFile; fileRef = C2DFA8CE24ADC05C001FB066 /* Comment.swift */; };
		C2DFA8D124ADC11C001FB066 /* TimelineDetail.swift in Sources */ = {isa = PBXBuildFile; fileRef = C2DFA8D024ADC11C001FB066 /* TimelineDetail.swift */; };
		C2FC8E7024A9D472004813A4 /* RequestTarget.swift in Sources */ = {isa = PBXBuildFile; fileRef = C2FC8E6F24A9D472004813A4 /* RequestTarget.swift */; };
		C2FC8E7224A9D8B3004813A4 /* WeiboResult.swift in Sources */ = {isa = PBXBuildFile; fileRef = C2FC8E7124A9D8B3004813A4 /* WeiboResult.swift */; };
		C2FC8E7424AAD42A004813A4 /* HttpRequest.swift in Sources */ = {isa = PBXBuildFile; fileRef = C2FC8E7324AAD42A004813A4 /* HttpRequest.swift */; };
		C2FC8E9724AAE80F004813A4 /* LinkLabel.swift in Sources */ = {isa = PBXBuildFile; fileRef = C2FC8E9624AAE80F004813A4 /* LinkLabel.swift */; };
		C2FC8EBB24AB0D26004813A4 /* SDWebImageSwiftUI in Frameworks */ = {isa = PBXBuildFile; productRef = C2FC8EBA24AB0D26004813A4 /* SDWebImageSwiftUI */; };
		C2FC8EC224AB12A8004813A4 /* Main.storyboard in Resources */ = {isa = PBXBuildFile; fileRef = C2FC8EC124AB12A8004813A4 /* Main.storyboard */; };
		C2FC8EC424AB14A9004813A4 /* LoadingIndicator.swift in Sources */ = {isa = PBXBuildFile; fileRef = C2FC8EC324AB14A9004813A4 /* LoadingIndicator.swift */; };
		C2FC8EC624AB1AD5004813A4 /* TimelineToolbar.swift in Sources */ = {isa = PBXBuildFile; fileRef = C2FC8EC524AB1AD5004813A4 /* TimelineToolbar.swift */; };
		C2FC8EC924AB3662004813A4 /* ImageGroup.swift in Sources */ = {isa = PBXBuildFile; fileRef = C2FC8EC824AB3662004813A4 /* ImageGroup.swift */; };
		C2FC8ECB24AB50FE004813A4 /* User.swift in Sources */ = {isa = PBXBuildFile; fileRef = C2FC8ECA24AB50FE004813A4 /* User.swift */; };
		C2FC8ECD24AB5716004813A4 /* Disk.swift in Sources */ = {isa = PBXBuildFile; fileRef = C2FC8ECC24AB5716004813A4 /* Disk.swift */; };
/* End PBXBuildFile section */

/* Begin PBXContainerItemProxy section */
		C27360FB24A8410400830F82 /* PBXContainerItemProxy */ = {
			isa = PBXContainerItemProxy;
			containerPortal = C27360DC24A8410300830F82 /* Project object */;
			proxyType = 1;
			remoteGlobalIDString = C27360E324A8410300830F82;
			remoteInfo = weibo_catalyst;
		};
/* End PBXContainerItemProxy section */

/* Begin PBXFileReference section */
		C244D23724AB5A5100BFA156 /* UserInfoManager.swift */ = {isa = PBXFileReference; lastKnownFileType = sourcecode.swift; path = UserInfoManager.swift; sourceTree = "<group>"; };
		C27360E424A8410300830F82 /* weibo_catalyst.app */ = {isa = PBXFileReference; explicitFileType = wrapper.application; includeInIndex = 0; path = weibo_catalyst.app; sourceTree = BUILT_PRODUCTS_DIR; };
		C27360E724A8410300830F82 /* AppDelegate.swift */ = {isa = PBXFileReference; lastKnownFileType = sourcecode.swift; path = AppDelegate.swift; sourceTree = "<group>"; };
		C27360E924A8410300830F82 /* SceneDelegate.swift */ = {isa = PBXFileReference; lastKnownFileType = sourcecode.swift; path = SceneDelegate.swift; sourceTree = "<group>"; };
		C27360EB24A8410300830F82 /* MasterViewController.swift */ = {isa = PBXFileReference; lastKnownFileType = sourcecode.swift; path = MasterViewController.swift; sourceTree = "<group>"; };
		C27360F024A8410400830F82 /* Assets.xcassets */ = {isa = PBXFileReference; lastKnownFileType = folder.assetcatalog; path = Assets.xcassets; sourceTree = "<group>"; };
		C27360F324A8410400830F82 /* Base */ = {isa = PBXFileReference; lastKnownFileType = file.storyboard; name = Base; path = Base.lproj/LaunchScreen.storyboard; sourceTree = "<group>"; };
		C27360F524A8410400830F82 /* Info.plist */ = {isa = PBXFileReference; lastKnownFileType = text.plist.xml; path = Info.plist; sourceTree = "<group>"; };
		C27360FA24A8410400830F82 /* weibo_catalystTests.xctest */ = {isa = PBXFileReference; explicitFileType = wrapper.cfbundle; includeInIndex = 0; path = weibo_catalystTests.xctest; sourceTree = BUILT_PRODUCTS_DIR; };
		C27360FE24A8410400830F82 /* weibo_catalystTests.swift */ = {isa = PBXFileReference; lastKnownFileType = sourcecode.swift; path = weibo_catalystTests.swift; sourceTree = "<group>"; };
		C273610024A8410400830F82 /* Info.plist */ = {isa = PBXFileReference; lastKnownFileType = text.plist.xml; path = Info.plist; sourceTree = "<group>"; };
		C273610924A8410A00830F82 /* weibo_catalyst.entitlements */ = {isa = PBXFileReference; lastKnownFileType = text.plist.entitlements; path = weibo_catalyst.entitlements; sourceTree = "<group>"; };
		C273610C24A86E8100830F82 /* SplitViewController.swift */ = {isa = PBXFileReference; lastKnownFileType = sourcecode.swift; path = SplitViewController.swift; sourceTree = "<group>"; };
		C273610E24A8705000830F82 /* Router.swift */ = {isa = PBXFileReference; lastKnownFileType = sourcecode.swift; path = Router.swift; sourceTree = "<group>"; };
		C273611024A879DC00830F82 /* ContentView.swift */ = {isa = PBXFileReference; lastKnownFileType = sourcecode.swift; path = ContentView.swift; sourceTree = "<group>"; };
		C273611224A8933B00830F82 /* HomeView.swift */ = {isa = PBXFileReference; lastKnownFileType = sourcecode.swift; path = HomeView.swift; sourceTree = "<group>"; };
		C273611624A8938300830F82 /* Timeline.swift */ = {isa = PBXFileReference; lastKnownFileType = sourcecode.swift; path = Timeline.swift; sourceTree = "<group>"; };
		C273611824A8953400830F82 /* TimelineCell.swift */ = {isa = PBXFileReference; lastKnownFileType = sourcecode.swift; path = TimelineCell.swift; sourceTree = "<group>"; };
		C273611A24A89C3600830F82 /* PostView.swift */ = {isa = PBXFileReference; lastKnownFileType = sourcecode.swift; path = PostView.swift; sourceTree = "<group>"; };
		C273611C24A8AC2C00830F82 /* ImagePicker.swift */ = {isa = PBXFileReference; lastKnownFileType = sourcecode.swift; path = ImagePicker.swift; sourceTree = "<group>"; };
		C273611E24A9923400830F82 /* API.swift */ = {isa = PBXFileReference; lastKnownFileType = sourcecode.swift; path = API.swift; sourceTree = "<group>"; };
		C273612124A9956E00830F82 /* Account.swift */ = {isa = PBXFileReference; lastKnownFileType = sourcecode.swift; path = Account.swift; sourceTree = "<group>"; };
		C273612824A99E3C00830F82 /* AuthorizationViewController.swift */ = {isa = PBXFileReference; fileEncoding = 4; lastKnownFileType = sourcecode.swift; path = AuthorizationViewController.swift; sourceTree = "<group>"; };
		C273612A24A99EDD00830F82 /* WeiboConstant.swift */ = {isa = PBXFileReference; fileEncoding = 4; lastKnownFileType = sourcecode.swift; path = WeiboConstant.swift; sourceTree = "<group>"; };
		C2DFA8CA24AC75EA001FB066 /* ImageUploader.swift */ = {isa = PBXFileReference; lastKnownFileType = sourcecode.swift; path = ImageUploader.swift; sourceTree = "<group>"; };
		C2DFA8CE24ADC05C001FB066 /* Comment.swift */ = {isa = PBXFileReference; lastKnownFileType = sourcecode.swift; path = Comment.swift; sourceTree = "<group>"; };
		C2DFA8D024ADC11C001FB066 /* TimelineDetail.swift */ = {isa = PBXFileReference; lastKnownFileType = sourcecode.swift; path = TimelineDetail.swift; sourceTree = "<group>"; };
		C2FC8E6F24A9D472004813A4 /* RequestTarget.swift */ = {isa = PBXFileReference; lastKnownFileType = sourcecode.swift; path = RequestTarget.swift; sourceTree = "<group>"; };
		C2FC8E7124A9D8B3004813A4 /* WeiboResult.swift */ = {isa = PBXFileReference; lastKnownFileType = sourcecode.swift; path = WeiboResult.swift; sourceTree = "<group>"; };
		C2FC8E7324AAD42A004813A4 /* HttpRequest.swift */ = {isa = PBXFileReference; lastKnownFileType = sourcecode.swift; path = HttpRequest.swift; sourceTree = "<group>"; };
		C2FC8E9624AAE80F004813A4 /* LinkLabel.swift */ = {isa = PBXFileReference; lastKnownFileType = sourcecode.swift; path = LinkLabel.swift; sourceTree = "<group>"; };
		C2FC8EC124AB12A8004813A4 /* Main.storyboard */ = {isa = PBXFileReference; fileEncoding = 4; lastKnownFileType = file.storyboard; path = Main.storyboard; sourceTree = "<group>"; };
		C2FC8EC324AB14A9004813A4 /* LoadingIndicator.swift */ = {isa = PBXFileReference; lastKnownFileType = sourcecode.swift; path = LoadingIndicator.swift; sourceTree = "<group>"; };
		C2FC8EC524AB1AD5004813A4 /* TimelineToolbar.swift */ = {isa = PBXFileReference; lastKnownFileType = sourcecode.swift; path = TimelineToolbar.swift; sourceTree = "<group>"; };
		C2FC8EC824AB3662004813A4 /* ImageGroup.swift */ = {isa = PBXFileReference; lastKnownFileType = sourcecode.swift; path = ImageGroup.swift; sourceTree = "<group>"; };
		C2FC8ECA24AB50FE004813A4 /* User.swift */ = {isa = PBXFileReference; lastKnownFileType = sourcecode.swift; path = User.swift; sourceTree = "<group>"; };
		C2FC8ECC24AB5716004813A4 /* Disk.swift */ = {isa = PBXFileReference; lastKnownFileType = sourcecode.swift; path = Disk.swift; sourceTree = "<group>"; };
/* End PBXFileReference section */

/* Begin PBXFrameworksBuildPhase section */
		C27360E124A8410300830F82 /* Frameworks */ = {
			isa = PBXFrameworksBuildPhase;
			buildActionMask = 2147483647;
			files = (
				C2FC8EBB24AB0D26004813A4 /* SDWebImageSwiftUI in Frameworks */,
				C273612724A99AFD00830F82 /* Request in Frameworks */,
				C273612524A99AFD00830F82 /* Json in Frameworks */,
			);
			runOnlyForDeploymentPostprocessing = 0;
		};
		C27360F724A8410400830F82 /* Frameworks */ = {
			isa = PBXFrameworksBuildPhase;
			buildActionMask = 2147483647;
			files = (
			);
			runOnlyForDeploymentPostprocessing = 0;
		};
/* End PBXFrameworksBuildPhase section */

/* Begin PBXGroup section */
		C27360DB24A8410300830F82 = {
			isa = PBXGroup;
			children = (
				C27360E624A8410300830F82 /* weibo_catalyst */,
				C27360FD24A8410400830F82 /* weibo_catalystTests */,
				C27360E524A8410300830F82 /* Products */,
			);
			sourceTree = "<group>";
		};
		C27360E524A8410300830F82 /* Products */ = {
			isa = PBXGroup;
			children = (
				C27360E424A8410300830F82 /* weibo_catalyst.app */,
				C27360FA24A8410400830F82 /* weibo_catalystTests.xctest */,
			);
			name = Products;
			sourceTree = "<group>";
		};
		C27360E624A8410300830F82 /* weibo_catalyst */ = {
			isa = PBXGroup;
			children = (
				C27360E724A8410300830F82 /* AppDelegate.swift */,
				C27360E924A8410300830F82 /* SceneDelegate.swift */,
				C2FC8EC024AB1255004813A4 /* Router */,
				C2FC8EBE24AB116C004813A4 /* ViewController */,
				C2FC8EBC24AB1137004813A4 /* Representable */,
				C273611424A8934500830F82 /* Home */,
				C2FC8EC724AB1ADB004813A4 /* Component */,
				C273612024A9923A00830F82 /* Networking */,
				C2FC8EBF24AB11CC004813A4 /* Resources */,
				C2FC8ECE24AB5788004813A4 /* Model */,
			);
			path = weibo_catalyst;
			sourceTree = "<group>";
		};
		C27360FD24A8410400830F82 /* weibo_catalystTests */ = {
			isa = PBXGroup;
			children = (
				C27360FE24A8410400830F82 /* weibo_catalystTests.swift */,
				C273610024A8410400830F82 /* Info.plist */,
			);
			path = weibo_catalystTests;
			sourceTree = "<group>";
		};
		C273611424A8934500830F82 /* Home */ = {
			isa = PBXGroup;
			children = (
				C273611524A8935B00830F82 /* View */,
				C2FC8EBD24AB114A004813A4 /* Model */,
			);
			path = Home;
			sourceTree = "<group>";
		};
		C273611524A8935B00830F82 /* View */ = {
			isa = PBXGroup;
			children = (
				C2FC8E9624AAE80F004813A4 /* LinkLabel.swift */,
				C273611824A8953400830F82 /* TimelineCell.swift */,
				C273611224A8933B00830F82 /* HomeView.swift */,
				C273611A24A89C3600830F82 /* PostView.swift */,
				C2DFA8D024ADC11C001FB066 /* TimelineDetail.swift */,
			);
			path = View;
			sourceTree = "<group>";
		};
		C273612024A9923A00830F82 /* Networking */ = {
			isa = PBXGroup;
			children = (
				C273612A24A99EDD00830F82 /* WeiboConstant.swift */,
				C273611E24A9923400830F82 /* API.swift */,
				C2FC8E6F24A9D472004813A4 /* RequestTarget.swift */,
				C2FC8E7124A9D8B3004813A4 /* WeiboResult.swift */,
				C2FC8E7324AAD42A004813A4 /* HttpRequest.swift */,
			);
			path = Networking;
			sourceTree = "<group>";
		};
		C2FC8EBC24AB1137004813A4 /* Representable */ = {
			isa = PBXGroup;
			children = (
				C273611C24A8AC2C00830F82 /* ImagePicker.swift */,
				C2FC8EC324AB14A9004813A4 /* LoadingIndicator.swift */,
			);
			path = Representable;
			sourceTree = "<group>";
		};
		C2FC8EBD24AB114A004813A4 /* Model */ = {
			isa = PBXGroup;
			children = (
				C273611624A8938300830F82 /* Timeline.swift */,
				C2FC8ECA24AB50FE004813A4 /* User.swift */,
				C2DFA8CE24ADC05C001FB066 /* Comment.swift */,
			);
			path = Model;
			sourceTree = "<group>";
		};
		C2FC8EBE24AB116C004813A4 /* ViewController */ = {
			isa = PBXGroup;
			children = (
				C27360EB24A8410300830F82 /* MasterViewController.swift */,
				C273610C24A86E8100830F82 /* SplitViewController.swift */,
				C273612824A99E3C00830F82 /* AuthorizationViewController.swift */,
			);
			path = ViewController;
			sourceTree = "<group>";
		};
		C2FC8EBF24AB11CC004813A4 /* Resources */ = {
			isa = PBXGroup;
			children = (
				C2FC8EC124AB12A8004813A4 /* Main.storyboard */,
				C273610924A8410A00830F82 /* weibo_catalyst.entitlements */,
				C27360F024A8410400830F82 /* Assets.xcassets */,
				C27360F224A8410400830F82 /* LaunchScreen.storyboard */,
				C27360F524A8410400830F82 /* Info.plist */,
			);
			path = Resources;
			sourceTree = "<group>";
		};
		C2FC8EC024AB1255004813A4 /* Router */ = {
			isa = PBXGroup;
			children = (
				C273610E24A8705000830F82 /* Router.swift */,
				C273611024A879DC00830F82 /* ContentView.swift */,
			);
			path = Router;
			sourceTree = "<group>";
		};
		C2FC8EC724AB1ADB004813A4 /* Component */ = {
			isa = PBXGroup;
			children = (
				C2FC8EC524AB1AD5004813A4 /* TimelineToolbar.swift */,
				C2FC8EC824AB3662004813A4 /* ImageGroup.swift */,
			);
			path = Component;
			sourceTree = "<group>";
		};
		C2FC8ECE24AB5788004813A4 /* Model */ = {
			isa = PBXGroup;
			children = (
				C273612124A9956E00830F82 /* Account.swift */,
				C2FC8ECC24AB5716004813A4 /* Disk.swift */,
				C244D23724AB5A5100BFA156 /* UserInfoManager.swift */,
				C2DFA8CA24AC75EA001FB066 /* ImageUploader.swift */,
			);
			path = Model;
			sourceTree = "<group>";
		};
/* End PBXGroup section */

/* Begin PBXNativeTarget section */
		C27360E324A8410300830F82 /* weibo_catalyst */ = {
			isa = PBXNativeTarget;
			buildConfigurationList = C273610324A8410400830F82 /* Build configuration list for PBXNativeTarget "weibo_catalyst" */;
			buildPhases = (
				C27360E024A8410300830F82 /* Sources */,
				C27360E124A8410300830F82 /* Frameworks */,
				C27360E224A8410300830F82 /* Resources */,
			);
			buildRules = (
			);
			dependencies = (
			);
			name = weibo_catalyst;
			packageProductDependencies = (
				C273612424A99AFD00830F82 /* Json */,
				C273612624A99AFD00830F82 /* Request */,
				C2FC8EBA24AB0D26004813A4 /* SDWebImageSwiftUI */,
			);
			productName = weibo_catalyst;
			productReference = C27360E424A8410300830F82 /* weibo_catalyst.app */;
			productType = "com.apple.product-type.application";
		};
		C27360F924A8410400830F82 /* weibo_catalystTests */ = {
			isa = PBXNativeTarget;
			buildConfigurationList = C273610624A8410400830F82 /* Build configuration list for PBXNativeTarget "weibo_catalystTests" */;
			buildPhases = (
				C27360F624A8410400830F82 /* Sources */,
				C27360F724A8410400830F82 /* Frameworks */,
				C27360F824A8410400830F82 /* Resources */,
			);
			buildRules = (
			);
			dependencies = (
				C27360FC24A8410400830F82 /* PBXTargetDependency */,
			);
			name = weibo_catalystTests;
			productName = weibo_catalystTests;
			productReference = C27360FA24A8410400830F82 /* weibo_catalystTests.xctest */;
			productType = "com.apple.product-type.bundle.unit-test";
		};
/* End PBXNativeTarget section */

/* Begin PBXProject section */
		C27360DC24A8410300830F82 /* Project object */ = {
			isa = PBXProject;
			attributes = {
				LastSwiftUpdateCheck = 1150;
				LastUpgradeCheck = 1150;
				ORGANIZATIONNAME = huluobo;
				TargetAttributes = {
					C27360E324A8410300830F82 = {
						CreatedOnToolsVersion = 11.5;
					};
					C27360F924A8410400830F82 = {
						CreatedOnToolsVersion = 11.5;
						TestTargetID = C27360E324A8410300830F82;
					};
				};
			};
			buildConfigurationList = C27360DF24A8410300830F82 /* Build configuration list for PBXProject "weibo_catalyst" */;
			compatibilityVersion = "Xcode 9.3";
			developmentRegion = en;
			hasScannedForEncodings = 0;
			knownRegions = (
				en,
				Base,
			);
			mainGroup = C27360DB24A8410300830F82;
			packageReferences = (
				C273612324A99AFD00830F82 /* XCRemoteSwiftPackageReference "swift-request" */,
				C2FC8EB924AB0D26004813A4 /* XCRemoteSwiftPackageReference "SDWebImageSwiftUI" */,
			);
			productRefGroup = C27360E524A8410300830F82 /* Products */;
			projectDirPath = "";
			projectRoot = "";
			targets = (
				C27360E324A8410300830F82 /* weibo_catalyst */,
				C27360F924A8410400830F82 /* weibo_catalystTests */,
			);
		};
/* End PBXProject section */

/* Begin PBXResourcesBuildPhase section */
		C27360E224A8410300830F82 /* Resources */ = {
			isa = PBXResourcesBuildPhase;
			buildActionMask = 2147483647;
			files = (
				C2FC8EC224AB12A8004813A4 /* Main.storyboard in Resources */,
				C27360F424A8410400830F82 /* LaunchScreen.storyboard in Resources */,
				C27360F124A8410400830F82 /* Assets.xcassets in Resources */,
			);
			runOnlyForDeploymentPostprocessing = 0;
		};
		C27360F824A8410400830F82 /* Resources */ = {
			isa = PBXResourcesBuildPhase;
			buildActionMask = 2147483647;
			files = (
			);
			runOnlyForDeploymentPostprocessing = 0;
		};
/* End PBXResourcesBuildPhase section */

/* Begin PBXSourcesBuildPhase section */
		C27360E024A8410300830F82 /* Sources */ = {
			isa = PBXSourcesBuildPhase;
			buildActionMask = 2147483647;
			files = (
				C273612924A99E3C00830F82 /* AuthorizationViewController.swift in Sources */,
				C273611724A8938300830F82 /* Timeline.swift in Sources */,
				C273612B24A99EDD00830F82 /* WeiboConstant.swift in Sources */,
				C2DFA8CF24ADC05C001FB066 /* Comment.swift in Sources */,
				C273612224A9956E00830F82 /* Account.swift in Sources */,
				C273610D24A86E8100830F82 /* SplitViewController.swift in Sources */,
				C2DFA8CB24AC75EA001FB066 /* ImageUploader.swift in Sources */,
				C2DFA8D124ADC11C001FB066 /* TimelineDetail.swift in Sources */,
				C2FC8E7424AAD42A004813A4 /* HttpRequest.swift in Sources */,
				C273611324A8933B00830F82 /* HomeView.swift in Sources */,
				C2FC8E7224A9D8B3004813A4 /* WeiboResult.swift in Sources */,
				C27360EC24A8410300830F82 /* MasterViewController.swift in Sources */,
				C273611124A879DC00830F82 /* ContentView.swift in Sources */,
				C27360E824A8410300830F82 /* AppDelegate.swift in Sources */,
				C273611924A8953400830F82 /* TimelineCell.swift in Sources */,
				C2FC8EC424AB14A9004813A4 /* LoadingIndicator.swift in Sources */,
				C2FC8ECD24AB5716004813A4 /* Disk.swift in Sources */,
				C2FC8E9724AAE80F004813A4 /* LinkLabel.swift in Sources */,
				C273611D24A8AC2C00830F82 /* ImagePicker.swift in Sources */,
				C27360EA24A8410300830F82 /* SceneDelegate.swift in Sources */,
				C244D23824AB5A5100BFA156 /* UserInfoManager.swift in Sources */,
				C273611B24A89C3600830F82 /* PostView.swift in Sources */,
				C2FC8EC624AB1AD5004813A4 /* TimelineToolbar.swift in Sources */,
				C273611F24A9923400830F82 /* API.swift in Sources */,
				C2FC8E7024A9D472004813A4 /* RequestTarget.swift in Sources */,
				C273610F24A8705000830F82 /* Router.swift in Sources */,
				C2FC8EC924AB3662004813A4 /* ImageGroup.swift in Sources */,
				C2FC8ECB24AB50FE004813A4 /* User.swift in Sources */,
			);
			runOnlyForDeploymentPostprocessing = 0;
		};
		C27360F624A8410400830F82 /* Sources */ = {
			isa = PBXSourcesBuildPhase;
			buildActionMask = 2147483647;
			files = (
				C27360FF24A8410400830F82 /* weibo_catalystTests.swift in Sources */,
			);
			runOnlyForDeploymentPostprocessing = 0;
		};
/* End PBXSourcesBuildPhase section */

/* Begin PBXTargetDependency section */
		C27360FC24A8410400830F82 /* PBXTargetDependency */ = {
			isa = PBXTargetDependency;
			target = C27360E324A8410300830F82 /* weibo_catalyst */;
			targetProxy = C27360FB24A8410400830F82 /* PBXContainerItemProxy */;
		};
/* End PBXTargetDependency section */

/* Begin PBXVariantGroup section */
		C27360F224A8410400830F82 /* LaunchScreen.storyboard */ = {
			isa = PBXVariantGroup;
			children = (
				C27360F324A8410400830F82 /* Base */,
			);
			name = LaunchScreen.storyboard;
			sourceTree = "<group>";
		};
/* End PBXVariantGroup section */

/* Begin XCBuildConfiguration section */
		C273610124A8410400830F82 /* Debug */ = {
			isa = XCBuildConfiguration;
			buildSettings = {
				ALWAYS_SEARCH_USER_PATHS = NO;
				CLANG_ANALYZER_NONNULL = YES;
				CLANG_ANALYZER_NUMBER_OBJECT_CONVERSION = YES_AGGRESSIVE;
				CLANG_CXX_LANGUAGE_STANDARD = "gnu++14";
				CLANG_CXX_LIBRARY = "libc++";
				CLANG_ENABLE_MODULES = YES;
				CLANG_ENABLE_OBJC_ARC = YES;
				CLANG_ENABLE_OBJC_WEAK = YES;
				CLANG_WARN_BLOCK_CAPTURE_AUTORELEASING = YES;
				CLANG_WARN_BOOL_CONVERSION = YES;
				CLANG_WARN_COMMA = YES;
				CLANG_WARN_CONSTANT_CONVERSION = YES;
				CLANG_WARN_DEPRECATED_OBJC_IMPLEMENTATIONS = YES;
				CLANG_WARN_DIRECT_OBJC_ISA_USAGE = YES_ERROR;
				CLANG_WARN_DOCUMENTATION_COMMENTS = YES;
				CLANG_WARN_EMPTY_BODY = YES;
				CLANG_WARN_ENUM_CONVERSION = YES;
				CLANG_WARN_INFINITE_RECURSION = YES;
				CLANG_WARN_INT_CONVERSION = YES;
				CLANG_WARN_NON_LITERAL_NULL_CONVERSION = YES;
				CLANG_WARN_OBJC_IMPLICIT_RETAIN_SELF = YES;
				CLANG_WARN_OBJC_LITERAL_CONVERSION = YES;
				CLANG_WARN_OBJC_ROOT_CLASS = YES_ERROR;
				CLANG_WARN_RANGE_LOOP_ANALYSIS = YES;
				CLANG_WARN_STRICT_PROTOTYPES = YES;
				CLANG_WARN_SUSPICIOUS_MOVE = YES;
				CLANG_WARN_UNGUARDED_AVAILABILITY = YES_AGGRESSIVE;
				CLANG_WARN_UNREACHABLE_CODE = YES;
				CLANG_WARN__DUPLICATE_METHOD_MATCH = YES;
				COPY_PHASE_STRIP = NO;
				DEBUG_INFORMATION_FORMAT = dwarf;
				ENABLE_STRICT_OBJC_MSGSEND = YES;
				ENABLE_TESTABILITY = YES;
				GCC_C_LANGUAGE_STANDARD = gnu11;
				GCC_DYNAMIC_NO_PIC = NO;
				GCC_NO_COMMON_BLOCKS = YES;
				GCC_OPTIMIZATION_LEVEL = 0;
				GCC_PREPROCESSOR_DEFINITIONS = (
					"DEBUG=1",
					"$(inherited)",
				);
				GCC_WARN_64_TO_32_BIT_CONVERSION = YES;
				GCC_WARN_ABOUT_RETURN_TYPE = YES_ERROR;
				GCC_WARN_UNDECLARED_SELECTOR = YES;
				GCC_WARN_UNINITIALIZED_AUTOS = YES_AGGRESSIVE;
				GCC_WARN_UNUSED_FUNCTION = YES;
				GCC_WARN_UNUSED_VARIABLE = YES;
				IPHONEOS_DEPLOYMENT_TARGET = 13.5;
				MTL_ENABLE_DEBUG_INFO = INCLUDE_SOURCE;
				MTL_FAST_MATH = YES;
				ONLY_ACTIVE_ARCH = YES;
				SDKROOT = iphoneos;
				SWIFT_ACTIVE_COMPILATION_CONDITIONS = DEBUG;
				SWIFT_OPTIMIZATION_LEVEL = "-Onone";
			};
			name = Debug;
		};
		C273610224A8410400830F82 /* Release */ = {
			isa = XCBuildConfiguration;
			buildSettings = {
				ALWAYS_SEARCH_USER_PATHS = NO;
				CLANG_ANALYZER_NONNULL = YES;
				CLANG_ANALYZER_NUMBER_OBJECT_CONVERSION = YES_AGGRESSIVE;
				CLANG_CXX_LANGUAGE_STANDARD = "gnu++14";
				CLANG_CXX_LIBRARY = "libc++";
				CLANG_ENABLE_MODULES = YES;
				CLANG_ENABLE_OBJC_ARC = YES;
				CLANG_ENABLE_OBJC_WEAK = YES;
				CLANG_WARN_BLOCK_CAPTURE_AUTORELEASING = YES;
				CLANG_WARN_BOOL_CONVERSION = YES;
				CLANG_WARN_COMMA = YES;
				CLANG_WARN_CONSTANT_CONVERSION = YES;
				CLANG_WARN_DEPRECATED_OBJC_IMPLEMENTATIONS = YES;
				CLANG_WARN_DIRECT_OBJC_ISA_USAGE = YES_ERROR;
				CLANG_WARN_DOCUMENTATION_COMMENTS = YES;
				CLANG_WARN_EMPTY_BODY = YES;
				CLANG_WARN_ENUM_CONVERSION = YES;
				CLANG_WARN_INFINITE_RECURSION = YES;
				CLANG_WARN_INT_CONVERSION = YES;
				CLANG_WARN_NON_LITERAL_NULL_CONVERSION = YES;
				CLANG_WARN_OBJC_IMPLICIT_RETAIN_SELF = YES;
				CLANG_WARN_OBJC_LITERAL_CONVERSION = YES;
				CLANG_WARN_OBJC_ROOT_CLASS = YES_ERROR;
				CLANG_WARN_RANGE_LOOP_ANALYSIS = YES;
				CLANG_WARN_STRICT_PROTOTYPES = YES;
				CLANG_WARN_SUSPICIOUS_MOVE = YES;
				CLANG_WARN_UNGUARDED_AVAILABILITY = YES_AGGRESSIVE;
				CLANG_WARN_UNREACHABLE_CODE = YES;
				CLANG_WARN__DUPLICATE_METHOD_MATCH = YES;
				COPY_PHASE_STRIP = NO;
				DEBUG_INFORMATION_FORMAT = "dwarf-with-dsym";
				ENABLE_NS_ASSERTIONS = NO;
				ENABLE_STRICT_OBJC_MSGSEND = YES;
				GCC_C_LANGUAGE_STANDARD = gnu11;
				GCC_NO_COMMON_BLOCKS = YES;
				GCC_WARN_64_TO_32_BIT_CONVERSION = YES;
				GCC_WARN_ABOUT_RETURN_TYPE = YES_ERROR;
				GCC_WARN_UNDECLARED_SELECTOR = YES;
				GCC_WARN_UNINITIALIZED_AUTOS = YES_AGGRESSIVE;
				GCC_WARN_UNUSED_FUNCTION = YES;
				GCC_WARN_UNUSED_VARIABLE = YES;
				IPHONEOS_DEPLOYMENT_TARGET = 13.5;
				MTL_ENABLE_DEBUG_INFO = NO;
				MTL_FAST_MATH = YES;
				SDKROOT = iphoneos;
				SWIFT_COMPILATION_MODE = wholemodule;
				SWIFT_OPTIMIZATION_LEVEL = "-O";
				VALIDATE_PRODUCT = YES;
			};
			name = Release;
		};
		C273610424A8410400830F82 /* Debug */ = {
			isa = XCBuildConfiguration;
			buildSettings = {
				ASSETCATALOG_COMPILER_APPICON_NAME = AppIcon;
				CODE_SIGN_ENTITLEMENTS = weibo_catalyst/Resources/weibo_catalyst.entitlements;
				CODE_SIGN_STYLE = Automatic;
				DEVELOPMENT_TEAM = UA8U3Z7XU4;
				INFOPLIST_FILE = weibo_catalyst/Resources/Info.plist;
				LD_RUNPATH_SEARCH_PATHS = (
					"$(inherited)",
					"@executable_path/Frameworks",
				);
				PRODUCT_BUNDLE_IDENTIFIER = "me.jewelz.weibo-catalyst";
				PRODUCT_NAME = "$(TARGET_NAME)";
				SUPPORTS_MACCATALYST = YES;
				SWIFT_VERSION = 5.0;
				TARGETED_DEVICE_FAMILY = "1,2";
			};
			name = Debug;
		};
		C273610524A8410400830F82 /* Release */ = {
			isa = XCBuildConfiguration;
			buildSettings = {
				ASSETCATALOG_COMPILER_APPICON_NAME = AppIcon;
				CODE_SIGN_ENTITLEMENTS = weibo_catalyst/Resources/weibo_catalyst.entitlements;
				CODE_SIGN_STYLE = Automatic;
				DEVELOPMENT_TEAM = UA8U3Z7XU4;
				INFOPLIST_FILE = weibo_catalyst/Resources/Info.plist;
				LD_RUNPATH_SEARCH_PATHS = (
					"$(inherited)",
					"@executable_path/Frameworks",
				);
				PRODUCT_BUNDLE_IDENTIFIER = "me.jewelz.weibo-catalyst";
				PRODUCT_NAME = "$(TARGET_NAME)";
				SUPPORTS_MACCATALYST = YES;
				SWIFT_VERSION = 5.0;
				TARGETED_DEVICE_FAMILY = "1,2";
			};
			name = Release;
		};
		C273610724A8410400830F82 /* Debug */ = {
			isa = XCBuildConfiguration;
			buildSettings = {
				ALWAYS_EMBED_SWIFT_STANDARD_LIBRARIES = YES;
				BUNDLE_LOADER = "$(TEST_HOST)";
				CODE_SIGN_STYLE = Automatic;
				DEVELOPMENT_TEAM = UA8U3Z7XU4;
				INFOPLIST_FILE = weibo_catalystTests/Info.plist;
				IPHONEOS_DEPLOYMENT_TARGET = 13.5;
				LD_RUNPATH_SEARCH_PATHS = (
					"$(inherited)",
					"@executable_path/Frameworks",
					"@loader_path/Frameworks",
				);
				PRODUCT_BUNDLE_IDENTIFIER = "me.jewelz.weibo-catalystTests";
				PRODUCT_NAME = "$(TARGET_NAME)";
				SWIFT_VERSION = 5.0;
				TARGETED_DEVICE_FAMILY = "1,2";
				TEST_HOST = "$(BUILT_PRODUCTS_DIR)/weibo_catalyst.app/weibo_catalyst";
			};
			name = Debug;
		};
		C273610824A8410400830F82 /* Release */ = {
			isa = XCBuildConfiguration;
			buildSettings = {
				ALWAYS_EMBED_SWIFT_STANDARD_LIBRARIES = YES;
				BUNDLE_LOADER = "$(TEST_HOST)";
				CODE_SIGN_STYLE = Automatic;
				DEVELOPMENT_TEAM = UA8U3Z7XU4;
				INFOPLIST_FILE = weibo_catalystTests/Info.plist;
				IPHONEOS_DEPLOYMENT_TARGET = 13.5;
				LD_RUNPATH_SEARCH_PATHS = (
					"$(inherited)",
					"@executable_path/Frameworks",
					"@loader_path/Frameworks",
				);
				PRODUCT_BUNDLE_IDENTIFIER = "me.jewelz.weibo-catalystTests";
				PRODUCT_NAME = "$(TARGET_NAME)";
				SWIFT_VERSION = 5.0;
				TARGETED_DEVICE_FAMILY = "1,2";
				TEST_HOST = "$(BUILT_PRODUCTS_DIR)/weibo_catalyst.app/weibo_catalyst";
			};
			name = Release;
		};
/* End XCBuildConfiguration section */

/* Begin XCConfigurationList section */
		C27360DF24A8410300830F82 /* Build configuration list for PBXProject "weibo_catalyst" */ = {
			isa = XCConfigurationList;
			buildConfigurations = (
				C273610124A8410400830F82 /* Debug */,
				C273610224A8410400830F82 /* Release */,
			);
			defaultConfigurationIsVisible = 0;
			defaultConfigurationName = Release;
		};
		C273610324A8410400830F82 /* Build configuration list for PBXNativeTarget "weibo_catalyst" */ = {
			isa = XCConfigurationList;
			buildConfigurations = (
				C273610424A8410400830F82 /* Debug */,
				C273610524A8410400830F82 /* Release */,
			);
			defaultConfigurationIsVisible = 0;
			defaultConfigurationName = Release;
		};
		C273610624A8410400830F82 /* Build configuration list for PBXNativeTarget "weibo_catalystTests" */ = {
			isa = XCConfigurationList;
			buildConfigurations = (
				C273610724A8410400830F82 /* Debug */,
				C273610824A8410400830F82 /* Release */,
			);
			defaultConfigurationIsVisible = 0;
			defaultConfigurationName = Release;
		};
/* End XCConfigurationList section */

/* Begin XCRemoteSwiftPackageReference section */
		C273612324A99AFD00830F82 /* XCRemoteSwiftPackageReference "swift-request" */ = {
			isa = XCRemoteSwiftPackageReference;
			repositoryURL = "https://github.com/carson-katri/swift-request";
			requirement = {
				kind = upToNextMajorVersion;
				minimumVersion = 1.2.2;
			};
		};
		C2FC8EB924AB0D26004813A4 /* XCRemoteSwiftPackageReference "SDWebImageSwiftUI" */ = {
			isa = XCRemoteSwiftPackageReference;
			repositoryURL = "https://github.com/SDWebImage/SDWebImageSwiftUI.git";
			requirement = {
				kind = upToNextMajorVersion;
				minimumVersion = 1.5.0;
			};
		};
/* End XCRemoteSwiftPackageReference section */

/* Begin XCSwiftPackageProductDependency section */
		C273612424A99AFD00830F82 /* Json */ = {
			isa = XCSwiftPackageProductDependency;
			package = C273612324A99AFD00830F82 /* XCRemoteSwiftPackageReference "swift-request" */;
			productName = Json;
		};
		C273612624A99AFD00830F82 /* Request */ = {
			isa = XCSwiftPackageProductDependency;
			package = C273612324A99AFD00830F82 /* XCRemoteSwiftPackageReference "swift-request" */;
			productName = Request;
		};
		C2FC8EBA24AB0D26004813A4 /* SDWebImageSwiftUI */ = {
			isa = XCSwiftPackageProductDependency;
			package = C2FC8EB924AB0D26004813A4 /* XCRemoteSwiftPackageReference "SDWebImageSwiftUI" */;
			productName = SDWebImageSwiftUI;
		};
/* End XCSwiftPackageProductDependency section */
	};
	rootObject = C27360DC24A8410300830F82 /* Project object */;
}
